// !$*UTF8*$!
{
	archiveVersion = 1;
	classes = {
	};
	objectVersion = 46;
	objects = {

/* Begin PBXBuildFile section */
		E0A42DE91BE57DD100EF14AA /* AppDelegate.swift in Sources */ = {isa = PBXBuildFile; fileRef = E0A42DE81BE57DD100EF14AA /* AppDelegate.swift */; };
		E0A42DEB1BE57DD100EF14AA /* ViewController.swift in Sources */ = {isa = PBXBuildFile; fileRef = E0A42DEA1BE57DD100EF14AA /* ViewController.swift */; };
		E0A42DEE1BE57DD100EF14AA /* Main.storyboard in Resources */ = {isa = PBXBuildFile; fileRef = E0A42DEC1BE57DD100EF14AA /* Main.storyboard */; };
		E0A42DF01BE57DD100EF14AA /* Assets.xcassets in Resources */ = {isa = PBXBuildFile; fileRef = E0A42DEF1BE57DD100EF14AA /* Assets.xcassets */; };
		E0A42DF31BE57DD100EF14AA /* LaunchScreen.storyboard in Resources */ = {isa = PBXBuildFile; fileRef = E0A42DF11BE57DD100EF14AA /* LaunchScreen.storyboard */; };
		E0A42DFB1BE58ED300EF14AA /* PigLatinRules.swift in Sources */ = {isa = PBXBuildFile; fileRef = E0A42DFA1BE58ED300EF14AA /* PigLatinRules.swift */; };
/* End PBXBuildFile section */

/* Begin PBXFileReference section */
		E0A42DE51BE57DD100EF14AA /* PigLatin.app */ = {isa = PBXFileReference; explicitFileType = wrapper.application; includeInIndex = 0; path = PigLatin.app; sourceTree = BUILT_PRODUCTS_DIR; };
		E0A42DE81BE57DD100EF14AA /* AppDelegate.swift */ = {isa = PBXFileReference; lastKnownFileType = sourcecode.swift; path = AppDelegate.swift; sourceTree = "<group>"; };
		E0A42DEA1BE57DD100EF14AA /* ViewController.swift */ = {isa = PBXFileReference; lastKnownFileType = sourcecode.swift; path = ViewController.swift; sourceTree = "<group>"; };
		E0A42DED1BE57DD100EF14AA /* Base */ = {isa = PBXFileReference; lastKnownFileType = file.storyboard; name = Base; path = Base.lproj/Main.storyboard; sourceTree = "<group>"; };
		E0A42DEF1BE57DD100EF14AA /* Assets.xcassets */ = {isa = PBXFileReference; lastKnownFileType = folder.assetcatalog; path = Assets.xcassets; sourceTree = "<group>"; };
		E0A42DF21BE57DD100EF14AA /* Base */ = {isa = PBXFileReference; lastKnownFileType = file.storyboard; name = Base; path = Base.lproj/LaunchScreen.storyboard; sourceTree = "<group>"; };
		E0A42DF41BE57DD100EF14AA /* Info.plist */ = {isa = PBXFileReference; lastKnownFileType = text.plist.xml; path = Info.plist; sourceTree = "<group>"; };
		E0A42DFA1BE58ED300EF14AA /* PigLatinRules.swift */ = {isa = PBXFileReference; fileEncoding = 4; lastKnownFileType = sourcecode.swift; path = PigLatinRules.swift; sourceTree = "<group>"; };
/* End PBXFileReference section */

/* Begin PBXFrameworksBuildPhase section */
		E0A42DE21BE57DD100EF14AA /* Frameworks */ = {
			isa = PBXFrameworksBuildPhase;
			buildActionMask = 2147483647;
			files = (
			);
			runOnlyForDeploymentPostprocessing = 0;
		};
/* End PBXFrameworksBuildPhase section */

/* Begin PBXGroup section */
		E0A42DDC1BE57DD100EF14AA = {
			isa = PBXGroup;
			children = (
				E0A42DE71BE57DD100EF14AA /* PigLatin */,
				E0A42DE61BE57DD100EF14AA /* Products */,
			);
			sourceTree = "<group>";
		};
		E0A42DE61BE57DD100EF14AA /* Products */ = {
			isa = PBXGroup;
			children = (
				E0A42DE51BE57DD100EF14AA /* PigLatin.app */,
			);
			name = Products;
			sourceTree = "<group>";
		};
		E0A42DE71BE57DD100EF14AA /* PigLatin */ = {
			isa = PBXGroup;
			children = (
				E0A42DE81BE57DD100EF14AA /* AppDelegate.swift */,
				E0A42DEA1BE57DD100EF14AA /* ViewController.swift */,
				E0A42DEC1BE57DD100EF14AA /* Main.storyboard */,
				E0A42DFA1BE58ED300EF14AA /* PigLatinRules.swift */,
				E0A42DEF1BE57DD100EF14AA /* Assets.xcassets */,
				E0A42DF11BE57DD100EF14AA /* LaunchScreen.storyboard */,
				E0A42DF41BE57DD100EF14AA /* Info.plist */,
			);
			path = PigLatin;
			sourceTree = "<group>";
		};
/* End PBXGroup section */

/* Begin PBXNativeTarget section */
		E0A42DE41BE57DD100EF14AA /* PigLatin */ = {
			isa = PBXNativeTarget;
			buildConfigurationList = E0A42DF71BE57DD100EF14AA /* Build configuration list for PBXNativeTarget "PigLatin" */;
			buildPhases = (
				E0A42DE11BE57DD100EF14AA /* Sources */,
				E0A42DE21BE57DD100EF14AA /* Frameworks */,
				E0A42DE31BE57DD100EF14AA /* Resources */,
			);
			buildRules = (
			);
			dependencies = (
			);
			name = PigLatin;
			productName = PigLatin;
			productReference = E0A42DE51BE57DD100EF14AA /* PigLatin.app */;
			productType = "com.apple.product-type.application";
		};
/* End PBXNativeTarget section */

/* Begin PBXProject section */
		E0A42DDD1BE57DD100EF14AA /* Project object */ = {
			isa = PBXProject;
			attributes = {
				LastSwiftUpdateCheck = 0710;
				LastUpgradeCheck = 0710;
				ORGANIZATIONNAME = "Viking Panda";
				TargetAttributes = {
					E0A42DE41BE57DD100EF14AA = {
						CreatedOnToolsVersion = 7.1;
						DevelopmentTeam = 33C83SP437;
					};
				};
			};
			buildConfigurationList = E0A42DE01BE57DD100EF14AA /* Build configuration list for PBXProject "PigLatin" */;
			compatibilityVersion = "Xcode 3.2";
			developmentRegion = English;
			hasScannedForEncodings = 0;
			knownRegions = (
				en,
				Base,
			);
			mainGroup = E0A42DDC1BE57DD100EF14AA;
			productRefGroup = E0A42DE61BE57DD100EF14AA /* Products */;
			projectDirPath = "";
			projectRoot = "";
			targets = (
				E0A42DE41BE57DD100EF14AA /* PigLatin */,
			);
		};
/* End PBXProject section */

/* Begin PBXResourcesBuildPhase section */
		E0A42DE31BE57DD100EF14AA /* Resources */ = {
			isa = PBXResourcesBuildPhase;
			buildActionMask = 2147483647;
			files = (
				E0A42DF31BE57DD100EF14AA /* LaunchScreen.storyboard in Resources */,
				E0A42DF01BE57DD100EF14AA /* Assets.xcassets in Resources */,
				E0A42DEE1BE57DD100EF14AA /* Main.storyboard in Resources */,
			);
			runOnlyForDeploymentPostprocessing = 0;
		};
/* End PBXResourcesBuildPhase section */

/* Begin PBXSourcesBuildPhase section */
		E0A42DE11BE57DD100EF14AA /* Sources */ = {
			isa = PBXSourcesBuildPhase;
			buildActionMask = 2147483647;
			files = (
				E0A42DEB1BE57DD100EF14AA /* ViewController.swift in Sources */,
				E0A42DFB1BE58ED300EF14AA /* PigLatinRules.swift in Sources */,
				E0A42DE91BE57DD100EF14AA /* AppDelegate.swift in Sources */,
			);
			runOnlyForDeploymentPostprocessing = 0;
		};
/* End PBXSourcesBuildPhase section */

/* Begin PBXVariantGroup section */
		E0A42DEC1BE57DD100EF14AA /* Main.storyboard */ = {
			isa = PBXVariantGroup;
			children = (
				E0A42DED1BE57DD100EF14AA /* Base */,
			);
			name = Main.storyboard;
			sourceTree = "<group>";
		};
		E0A42DF11BE57DD100EF14AA /* LaunchScreen.storyboard */ = {
			isa = PBXVariantGroup;
			children = (
				E0A42DF21BE57DD100EF14AA /* Base */,
			);
			name = LaunchScreen.storyboard;
			sourceTree = "<group>";
		};
/* End PBXVariantGroup section */

/* Begin XCBuildConfiguration section */
		E0A42DF51BE57DD100EF14AA /* Debug */ = {
			isa = XCBuildConfiguration;
			buildSettings = {
				ALWAYS_SEARCH_USER_PATHS = NO;
				CLANG_CXX_LANGUAGE_STANDARD = "gnu++0x";
				CLANG_CXX_LIBRARY = "libc++";
				CLANG_ENABLE_MODULES = YES;
				CLANG_ENABLE_OBJC_ARC = YES;
				CLANG_WARN_BOOL_CONVERSION = YES;
				CLANG_WARN_CONSTANT_CONVERSION = YES;
				CLANG_WARN_DIRECT_OBJC_ISA_USAGE = YES_ERROR;
				CLANG_WARN_EMPTY_BODY = YES;
				CLANG_WARN_ENUM_CONVERSION = YES;
				CLANG_WARN_INT_CONVERSION = YES;
				CLANG_WARN_OBJC_ROOT_CLASS = YES_ERROR;
				CLANG_WARN_UNREACHABLE_CODE = YES;
				CLANG_WARN__DUPLICATE_METHOD_MATCH = YES;
				"CODE_SIGN_IDENTITY[sdk=iphoneos*]" = "iPhone Developer";
				COPY_PHASE_STRIP = NO;
				DEBUG_INFORMATION_FORMAT = dwarf;
				ENABLE_STRICT_OBJC_MSGSEND = YES;
				ENABLE_TESTABILITY = YES;
				GCC_C_LANGUAGE_STANDARD = gnu99;
				GCC_DYNAMIC_NO_PIC = NO;
				GCC_NO_COMMON_BLOCKS = YES;
				GCC_OPTIMIZATION_LEVEL = 0;
				GCC_PREPROCESSOR_DEFINITIONS = (
					"DEBUG=1",
					"$(inherited)",
				);
				GCC_WARN_64_TO_32_BIT_CONVERSION = YES;
				GCC_WARN_ABOUT_RETURN_TYPE = YES_ERROR;
				GCC_WARN_UNDECLARED_SELECTOR = YES;
				GCC_WARN_UNINITIALIZED_AUTOS = YES_AGGRESSIVE;
				GCC_WARN_UNUSED_FUNCTION = YES;
				GCC_WARN_UNUSED_VARIABLE = YES;
				IPHONEOS_DEPLOYMENT_TARGET = 9.1;
				MTL_ENABLE_DEBUG_INFO = YES;
				ONLY_ACTIVE_ARCH = YES;
				SDKROOT = iphoneos;
				SWIFT_OPTIMIZATION_LEVEL = "-Onone";
			};
			name = Debug;
		};
		E0A42DF61BE57DD100EF14AA /* Release */ = {
			isa = XCBuildConfiguration;
			buildSettings = {
				ALWAYS_SEARCH_USER_PATHS = NO;
				CLANG_CXX_LANGUAGE_STANDARD = "gnu++0x";
				CLANG_CXX_LIBRARY = "libc++";
				CLANG_ENABLE_MODULES = YES;
				CLANG_ENABLE_OBJC_ARC = YES;
				CLANG_WARN_BOOL_CONVERSION = YES;
				CLANG_WARN_CONSTANT_CONVERSION = YES;
				CLANG_WARN_DIRECT_OBJC_ISA_USAGE = YES_ERROR;
				CLANG_WARN_EMPTY_BODY = YES;
				CLANG_WARN_ENUM_CONVERSION = YES;
				CLANG_WARN_INT_CONVERSION = YES;
				CLANG_WARN_OBJC_ROOT_CLASS = YES_ERROR;
				CLANG_WARN_UNREACHABLE_CODE = YES;
				CLANG_WARN__DUPLICATE_METHOD_MATCH = YES;
				"CODE_SIGN_IDENTITY[sdk=iphoneos*]" = "iPhone Developer";
				COPY_PHASE_STRIP = NO;
				DEBUG_INFORMATION_FORMAT = "dwarf-with-dsym";
				ENABLE_NS_ASSERTIONS = NO;
				ENABLE_STRICT_OBJC_MSGSEND = YES;
				GCC_C_LANGUAGE_STANDARD = gnu99;
				GCC_NO_COMMON_BLOCKS = YES;
				GCC_WARN_64_TO_32_BIT_CONVERSION = YES;
				GCC_WARN_ABOUT_RETURN_TYPE = YES_ERROR;
				GCC_WARN_UNDECLARED_SELECTOR = YES;
				GCC_WARN_UNINITIALIZED_AUTOS = YES_AGGRESSIVE;
				GCC_WARN_UNUSED_FUNCTION = YES;
				GCC_WARN_UNUSED_VARIABLE = YES;
				IPHONEOS_DEPLOYMENT_TARGET = 9.1;
				MTL_ENABLE_DEBUG_INFO = NO;
				SDKROOT = iphoneos;
				VALIDATE_PRODUCT = YES;
			};
			name = Release;
		};
		E0A42DF81BE57DD100EF14AA /* Debug */ = {
			isa = XCBuildConfiguration;
			buildSettings = {
				ASSETCATALOG_COMPILER_APPICON_NAME = AppIcon;
				INFOPLIST_FILE = PigLatin/Info.plist;
				LD_RUNPATH_SEARCH_PATHS = "$(inherited) @executable_path/Frameworks";
				PRODUCT_BUNDLE_IDENTIFIER = com.VikingPanda.PigLatin;
				PRODUCT_NAME = "$(TARGET_NAME)";
			};
			name = Debug;
		};
		E0A42DF91BE57DD100EF14AA /* Release */ = {
			isa = XCBuildConfiguration;
			buildSettings = {
				ASSETCATALOG_COMPILER_APPICON_NAME = AppIcon;
				INFOPLIST_FILE = PigLatin/Info.plist;
				LD_RUNPATH_SEARCH_PATHS = "$(inherited) @executable_path/Frameworks";
				PRODUCT_BUNDLE_IDENTIFIER = com.VikingPanda.PigLatin;
				PRODUCT_NAME = "$(TARGET_NAME)";
			};
			name = Release;
		};
/* End XCBuildConfiguration section */

/* Begin XCConfigurationList section */
		E0A42DE01BE57DD100EF14AA /* Build configuration list for PBXProject "PigLatin" */ = {
			isa = XCConfigurationList;
			buildConfigurations = (
				E0A42DF51BE57DD100EF14AA /* Debug */,
				E0A42DF61BE57DD100EF14AA /* Release */,
			);
			defaultConfigurationIsVisible = 0;
			defaultConfigurationName = Release;
		};
		E0A42DF71BE57DD100EF14AA /* Build configuration list for PBXNativeTarget "PigLatin" */ = {
			isa = XCConfigurationList;
			buildConfigurations = (
				E0A42DF81BE57DD100EF14AA /* Debug */,
				E0A42DF91BE57DD100EF14AA /* Release */,
			);
			defaultConfigurationIsVisible = 0;
		};
/* End XCConfigurationList section */
	};
	rootObject = E0A42DDD1BE57DD100EF14AA /* Project object */;
}
